<?xml version="1.0" encoding="utf-8"?>
<Project ToolsVersion="14.0" xmlns="http://schemas.microsoft.com/developer/msbuild/2003">
	<ItemGroup>
		<Filter Include="logic">
			<UniqueIdentifier>AD46616F-A34C-471C-A9A6-18A0A94261CB</UniqueIdentifier>
		</Filter>
	</ItemGroup>
	<ItemGroup>
		<ClCompile Include="..\..\engines\alg\logic\game_bountyhunter.cpp">
			<Filter>logic</Filter>
		</ClCompile>
		<ClCompile Include="..\..\engines\alg\logic\game_crimepatrol.cpp">
			<Filter>logic</Filter>
		</ClCompile>
		<ClCompile Include="..\..\engines\alg\logic\game_drugwars.cpp">
			<Filter>logic</Filter>
		</ClCompile>
		<ClCompile Include="..\..\engines\alg\logic\game_johnnyrock.cpp">
			<Filter>logic</Filter>
		</ClCompile>
		<ClCompile Include="..\..\engines\alg\logic\game_maddog.cpp">
			<Filter>logic</Filter>
		</ClCompile>
		<ClCompile Include="..\..\engines\alg\logic\game_maddog2.cpp">
			<Filter>logic</Filter>
		</ClCompile>
		<ClCompile Include="..\..\engines\alg\logic\game_spacepirates.cpp">
			<Filter>logic</Filter>
		</ClCompile>
		<ClCompile Include="..\..\engines\alg\alg.cpp" />
		<ClCompile Include="..\..\engines\alg\game.cpp" />
		<ClCompile Include="..\..\engines\alg\graphics.cpp" />
		<ClCompile Include="..\..\engines\alg\metaengine.cpp" />
		<ClCompile Include="..\..\engines\alg\scene.cpp" />
		<ClCompile Include="..\..\engines\alg\video.cpp" />
	</ItemGroup>
	<ItemGroup>
		<ClInclude Include="..\..\engines\alg\logic\game_bountyhunter.h">
			<Filter>logic</Filter>
		</ClInclude>
		<ClInclude Include="..\..\engines\alg\logic\game_crimepatrol.h">
			<Filter>logic</Filter>
		</ClInclude>
		<ClInclude Include="..\..\engines\alg\logic\game_drugwars.h">
			<Filter>logic</Filter>
		</ClInclude>
		<ClInclude Include="..\..\engines\alg\logic\game_johnnyrock.h">
			<Filter>logic</Filter>
		</ClInclude>
		<ClInclude Include="..\..\engines\alg\logic\game_maddog.h">
			<Filter>logic</Filter>
		</ClInclude>
		<ClInclude Include="..\..\engines\alg\logic\game_maddog2.h">
			<Filter>logic</Filter>
		</ClInclude>
		<ClInclude Include="..\..\engines\alg\logic\game_spacepirates.h">
			<Filter>logic</Filter>
		</ClInclude>
		<ClInclude Include="..\..\engines\alg\alg.h" />
		<ClInclude Include="..\..\engines\alg\detection.h" />
		<ClInclude Include="..\..\engines\alg\detection_tables.h" />
		<ClInclude Include="..\..\engines\alg\game.h" />
		<ClInclude Include="..\..\engines\alg\graphics.h" />
		<ClInclude Include="..\..\engines\alg\scene.h" />
		<ClInclude Include="..\..\engines\alg\video.h" />
	</ItemGroup>
	<ItemGroup>
		<None Include="..\..\engines\alg\module.mk" />
	</ItemGroup>
</Project>