<?xml version="1.0" encoding="utf-8"?>
<Project ToolsVersion="14.0" xmlns="http://schemas.microsoft.com/developer/msbuild/2003">
	<ItemGroup>
		<Filter Include="castmember">
			<UniqueIdentifier>40100FBC-D28B-498E-B3AB-50FD17CAE979</UniqueIdentifier>
		</Filter>
		<Filter Include="debugger">
			<UniqueIdentifier>98734543-50E3-4A51-A712-3BBD61BB851B</UniqueIdentifier>
		</Filter>
		<Filter Include="lingo">
			<UniqueIdentifier>439D1D3C-FCDC-41D1-BEE4-06449A050D01</UniqueIdentifier>
		</Filter>
		<Filter Include="lingo\lingodec">
			<UniqueIdentifier>9C8F3243-7660-4E54-A46A-666BF5C3FB06</UniqueIdentifier>
		</Filter>
		<Filter Include="lingo\xlibs">
			<UniqueIdentifier>93FCE622-514F-402E-BE58-54E4B23016CB</UniqueIdentifier>
		</Filter>
		<Filter Include="lingo\xlibs\a">
			<UniqueIdentifier>E8EF5DBD-8E10-443B-A561-C6C771A3CC61</UniqueIdentifier>
		</Filter>
		<Filter Include="lingo\xlibs\b">
			<UniqueIdentifier>61EB7294-8F82-4554-97AA-598E5F0F1FBB</UniqueIdentifier>
		</Filter>
		<Filter Include="lingo\xlibs\c">
			<UniqueIdentifier>3C8F72A5-1126-4628-9F9D-65133C025305</UniqueIdentifier>
		</Filter>
		<Filter Include="lingo\xlibs\d">
			<UniqueIdentifier>0F8A3EC5-1C11-4D1F-83DC-EDF4C09046AA</UniqueIdentifier>
		</Filter>
		<Filter Include="lingo\xlibs\e">
			<UniqueIdentifier>1C50EAEE-3A2C-4E9F-B21C-57E317BEC9C1</UniqueIdentifier>
		</Filter>
		<Filter Include="lingo\xlibs\f">
			<UniqueIdentifier>30347589-4B23-4233-8A7E-091AF79D081A</UniqueIdentifier>
		</Filter>
		<Filter Include="lingo\xlibs\g">
			<UniqueIdentifier>56FE97EF-CD6D-44D9-B706-068017BF4AB4</UniqueIdentifier>
		</Filter>
		<Filter Include="lingo\xlibs\h">
			<UniqueIdentifier>FCB8D2FE-0348-4C0C-B516-58C5977EA01B</UniqueIdentifier>
		</Filter>
		<Filter Include="lingo\xlibs\i">
			<UniqueIdentifier>29B3B324-6AC3-4534-8352-49417ADD3432</UniqueIdentifier>
		</Filter>
		<Filter Include="lingo\xlibs\j">
			<UniqueIdentifier>0DC75F76-7C44-4445-8A5E-59BFB7CA5911</UniqueIdentifier>
		</Filter>
		<Filter Include="lingo\xlibs\l">
			<UniqueIdentifier>296180FB-3ABB-4E81-8C03-4DD7F51BD321</UniqueIdentifier>
		</Filter>
		<Filter Include="lingo\xlibs\m">
			<UniqueIdentifier>E5BD232C-49C4-4BC7-83C7-D5832AE2A86F</UniqueIdentifier>
		</Filter>
		<Filter Include="lingo\xlibs\o">
			<UniqueIdentifier>8CC50898-84BB-4E1E-8C12-142DFC9C49ED</UniqueIdentifier>
		</Filter>
		<Filter Include="lingo\xlibs\p">
			<UniqueIdentifier>3033D16F-633D-4FF7-A190-6C0689298F70</UniqueIdentifier>
		</Filter>
		<Filter Include="lingo\xlibs\q">
			<UniqueIdentifier>B83D381B-720A-4177-9393-56AC157CD246</UniqueIdentifier>
		</Filter>
		<Filter Include="lingo\xlibs\r">
			<UniqueIdentifier>7F339BA3-5A8E-47C9-8F63-5F0B33746757</UniqueIdentifier>
		</Filter>
		<Filter Include="lingo\xlibs\s">
			<UniqueIdentifier>9CBEBBC7-F558-4A35-BDBE-EF86543E0A6C</UniqueIdentifier>
		</Filter>
		<Filter Include="lingo\xlibs\t">
			<UniqueIdentifier>55D7BBEE-6C4B-43BE-8016-B2F77E4A00AA</UniqueIdentifier>
		</Filter>
		<Filter Include="lingo\xlibs\u">
			<UniqueIdentifier>72AF0FEC-107D-4220-8992-E1192ADC5DA8</UniqueIdentifier>
		</Filter>
		<Filter Include="lingo\xlibs\v">
			<UniqueIdentifier>56BDA03A-A41E-4FC6-8C26-013612845125</UniqueIdentifier>
		</Filter>
		<Filter Include="lingo\xlibs\w">
			<UniqueIdentifier>700D05E1-2ED6-4CE7-BB33-846B394CE1B4</UniqueIdentifier>
		</Filter>
		<Filter Include="lingo\xlibs\x">
			<UniqueIdentifier>F9D7B4BF-D1A4-48DA-8DA6-711BCA39A9D8</UniqueIdentifier>
		</Filter>
		<Filter Include="lingo\xlibs\y">
			<UniqueIdentifier>0DCFFC3A-AA98-48DD-9B70-3FFD74815FBC</UniqueIdentifier>
		</Filter>
		<Filter Include="lingo\xtras">
			<UniqueIdentifier>9070B8D8-D2D5-4BA8-A379-6E38BEC0D9B8</UniqueIdentifier>
		</Filter>
		<Filter Include="lingo\xtras\a">
			<UniqueIdentifier>C7AA7E8A-8D86-4B18-8F6F-8F112430FE3C</UniqueIdentifier>
		</Filter>
		<Filter Include="lingo\xtras\b">
			<UniqueIdentifier>800EE1DE-0186-4655-A9D0-064E7849DDAB</UniqueIdentifier>
		</Filter>
		<Filter Include="lingo\xtras\d">
			<UniqueIdentifier>95DBDB81-CF6A-4F64-B62C-E6331A72A371</UniqueIdentifier>
		</Filter>
		<Filter Include="lingo\xtras\f">
			<UniqueIdentifier>EBC9163A-5CAE-4B1C-8EAF-F92E55F01F41</UniqueIdentifier>
		</Filter>
		<Filter Include="lingo\xtras\k">
			<UniqueIdentifier>7C6740AF-E8A8-472B-BC67-24C3301FD1ED</UniqueIdentifier>
		</Filter>
		<Filter Include="lingo\xtras\m">
			<UniqueIdentifier>DCABD055-B681-4519-B419-D8929B263879</UniqueIdentifier>
		</Filter>
		<Filter Include="lingo\xtras\o">
			<UniqueIdentifier>4BD789B5-6B64-4CEE-B69D-7CAE82E74594</UniqueIdentifier>
		</Filter>
		<Filter Include="lingo\xtras\q">
			<UniqueIdentifier>2C144500-82EE-49E7-9F14-5A86EE7C26DA</UniqueIdentifier>
		</Filter>
		<Filter Include="lingo\xtras\r">
			<UniqueIdentifier>E6C75A89-6B64-4CCC-8807-E12AB3DFFD0E</UniqueIdentifier>
		</Filter>
		<Filter Include="lingo\xtras\s">
			<UniqueIdentifier>21943337-5A31-4E13-90C1-8D2E6D6150FD</UniqueIdentifier>
		</Filter>
		<Filter Include="lingo\xtras\t">
			<UniqueIdentifier>0B721D67-E6A9-4CA6-B46B-BD27CEDC54C2</UniqueIdentifier>
		</Filter>
		<Filter Include="lingo\xtras\x">
			<UniqueIdentifier>81906EAF-A403-4C8B-8D3F-7A5C801A06B2</UniqueIdentifier>
		</Filter>
	</ItemGroup>
	<ItemGroup>
		<ClCompile Include="..\..\engines\director\castmember\bitmap.cpp">
			<Filter>castmember</Filter>
		</ClCompile>
		<ClCompile Include="..\..\engines\director\castmember\castmember.cpp">
			<Filter>castmember</Filter>
		</ClCompile>
		<ClCompile Include="..\..\engines\director\castmember\digitalvideo.cpp">
			<Filter>castmember</Filter>
		</ClCompile>
		<ClCompile Include="..\..\engines\director\castmember\filmloop.cpp">
			<Filter>castmember</Filter>
		</ClCompile>
		<ClCompile Include="..\..\engines\director\castmember\movie.cpp">
			<Filter>castmember</Filter>
		</ClCompile>
		<ClCompile Include="..\..\engines\director\castmember\palette.cpp">
			<Filter>castmember</Filter>
		</ClCompile>
		<ClCompile Include="..\..\engines\director\castmember\richtext.cpp">
			<Filter>castmember</Filter>
		</ClCompile>
		<ClCompile Include="..\..\engines\director\castmember\script.cpp">
			<Filter>castmember</Filter>
		</ClCompile>
		<ClCompile Include="..\..\engines\director\castmember\shape.cpp">
			<Filter>castmember</Filter>
		</ClCompile>
		<ClCompile Include="..\..\engines\director\castmember\sound.cpp">
			<Filter>castmember</Filter>
		</ClCompile>
		<ClCompile Include="..\..\engines\director\castmember\text.cpp">
			<Filter>castmember</Filter>
		</ClCompile>
		<ClCompile Include="..\..\engines\director\castmember\transition.cpp">
			<Filter>castmember</Filter>
		</ClCompile>
		<ClCompile Include="..\..\engines\director\castmember\xtra.cpp">
			<Filter>castmember</Filter>
		</ClCompile>
		<ClCompile Include="..\..\engines\director\debugger\debugtools.cpp">
			<Filter>debugger</Filter>
		</ClCompile>
		<ClCompile Include="..\..\engines\director\debugger\dt-cast.cpp">
			<Filter>debugger</Filter>
		</ClCompile>
		<ClCompile Include="..\..\engines\director\debugger\dt-castdetails.cpp">
			<Filter>debugger</Filter>
		</ClCompile>
		<ClCompile Include="..\..\engines\director\debugger\dt-controlpanel.cpp">
			<Filter>debugger</Filter>
		</ClCompile>
		<ClCompile Include="..\..\engines\director\debugger\dt-lists.cpp">
			<Filter>debugger</Filter>
		</ClCompile>
		<ClCompile Include="..\..\engines\director\debugger\dt-save-state.cpp">
			<Filter>debugger</Filter>
		</ClCompile>
		<ClCompile Include="..\..\engines\director\debugger\dt-score.cpp">
			<Filter>debugger</Filter>
		</ClCompile>
		<ClCompile Include="..\..\engines\director\debugger\dt-script-d2.cpp">
			<Filter>debugger</Filter>
		</ClCompile>
		<ClCompile Include="..\..\engines\director\debugger\dt-script-d4.cpp">
			<Filter>debugger</Filter>
		</ClCompile>
		<ClCompile Include="..\..\engines\director\debugger\dt-scripts.cpp">
			<Filter>debugger</Filter>
		</ClCompile>
		<ClCompile Include="..\..\engines\director\debugger\dt-search.cpp">
			<Filter>debugger</Filter>
		</ClCompile>
		<ClCompile Include="..\..\engines\director\lingo\lingodec\ast.cpp">
			<Filter>lingo\lingodec</Filter>
		</ClCompile>
		<ClCompile Include="..\..\engines\director\lingo\lingodec\codewritervisitor.cpp">
			<Filter>lingo\lingodec</Filter>
		</ClCompile>
		<ClCompile Include="..\..\engines\director\lingo\lingodec\context.cpp">
			<Filter>lingo\lingodec</Filter>
		</ClCompile>
		<ClCompile Include="..\..\engines\director\lingo\lingodec\handler.cpp">
			<Filter>lingo\lingodec</Filter>
		</ClCompile>
		<ClCompile Include="..\..\engines\director\lingo\lingodec\names.cpp">
			<Filter>lingo\lingodec</Filter>
		</ClCompile>
		<ClCompile Include="..\..\engines\director\lingo\lingodec\script.cpp">
			<Filter>lingo\lingodec</Filter>
		</ClCompile>
		<ClCompile Include="..\..\engines\director\lingo\xlibs\a\aiff.cpp">
			<Filter>lingo\xlibs\a</Filter>
		</ClCompile>
		<ClCompile Include="..\..\engines\director\lingo\xlibs\a\applecdxobj.cpp">
			<Filter>lingo\xlibs\a</Filter>
		</ClCompile>
		<ClCompile Include="..\..\engines\director\lingo\xlibs\a\askuser.cpp">
			<Filter>lingo\xlibs\a</Filter>
		</ClCompile>
		<ClCompile Include="..\..\engines\director\lingo\xlibs\b\backdrop.cpp">
			<Filter>lingo\xlibs\b</Filter>
		</ClCompile>
		<ClCompile Include="..\..\engines\director\lingo\xlibs\b\barakeobj.cpp">
			<Filter>lingo\xlibs\b</Filter>
		</ClCompile>
		<ClCompile Include="..\..\engines\director\lingo\xlibs\b\batqt.cpp">
			<Filter>lingo\xlibs\b</Filter>
		</ClCompile>
		<ClCompile Include="..\..\engines\director\lingo\xlibs\b\bimxobj.cpp">
			<Filter>lingo\xlibs\b</Filter>
		</ClCompile>
		<ClCompile Include="..\..\engines\director\lingo\xlibs\b\blitpict.cpp">
			<Filter>lingo\xlibs\b</Filter>
		</ClCompile>
		<ClCompile Include="..\..\engines\director\lingo\xlibs\b\blockthedrawingxobj.cpp">
			<Filter>lingo\xlibs\b</Filter>
		</ClCompile>
		<ClCompile Include="..\..\engines\director\lingo\xlibs\c\cdromxobj.cpp">
			<Filter>lingo\xlibs\c</Filter>
		</ClCompile>
		<ClCompile Include="..\..\engines\director\lingo\xlibs\c\closebleedwindowxcmd.cpp">
			<Filter>lingo\xlibs\c</Filter>
		</ClCompile>
		<ClCompile Include="..\..\engines\director\lingo\xlibs\c\colorcursorxobj.cpp">
			<Filter>lingo\xlibs\c</Filter>
		</ClCompile>
		<ClCompile Include="..\..\engines\director\lingo\xlibs\c\colorxobj.cpp">
			<Filter>lingo\xlibs\c</Filter>
		</ClCompile>
		<ClCompile Include="..\..\engines\director\lingo\xlibs\c\consumer.cpp">
			<Filter>lingo\xlibs\c</Filter>
		</ClCompile>
		<ClCompile Include="..\..\engines\director\lingo\xlibs\c\cursorxobj.cpp">
			<Filter>lingo\xlibs\c</Filter>
		</ClCompile>
		<ClCompile Include="..\..\engines\director\lingo\xlibs\d\darkenscreen.cpp">
			<Filter>lingo\xlibs\d</Filter>
		</ClCompile>
		<ClCompile Include="..\..\engines\director\lingo\xlibs\d\dateutil.cpp">
			<Filter>lingo\xlibs\d</Filter>
		</ClCompile>
		<ClCompile Include="..\..\engines\director\lingo\xlibs\d\developerStack.cpp">
			<Filter>lingo\xlibs\d</Filter>
		</ClCompile>
		<ClCompile Include="..\..\engines\director\lingo\xlibs\d\dialogsxobj.cpp">
			<Filter>lingo\xlibs\d</Filter>
		</ClCompile>
		<ClCompile Include="..\..\engines\director\lingo\xlibs\d\dirutil.cpp">
			<Filter>lingo\xlibs\d</Filter>
		</ClCompile>
		<ClCompile Include="..\..\engines\director\lingo\xlibs\d\dllglue.cpp">
			<Filter>lingo\xlibs\d</Filter>
		</ClCompile>
		<ClCompile Include="..\..\engines\director\lingo\xlibs\d\dpwavi.cpp">
			<Filter>lingo\xlibs\d</Filter>
		</ClCompile>
		<ClCompile Include="..\..\engines\director\lingo\xlibs\d\dpwqtw.cpp">
			<Filter>lingo\xlibs\d</Filter>
		</ClCompile>
		<ClCompile Include="..\..\engines\director\lingo\xlibs\d\draw.cpp">
			<Filter>lingo\xlibs\d</Filter>
		</ClCompile>
		<ClCompile Include="..\..\engines\director\lingo\xlibs\e\ecdctrl.cpp">
			<Filter>lingo\xlibs\e</Filter>
		</ClCompile>
		<ClCompile Include="..\..\engines\director\lingo\xlibs\e\ednox.cpp">
			<Filter>lingo\xlibs\e</Filter>
		</ClCompile>
		<ClCompile Include="..\..\engines\director\lingo\xlibs\e\eventq.cpp">
			<Filter>lingo\xlibs\e</Filter>
		</ClCompile>
		<ClCompile Include="..\..\engines\director\lingo\xlibs\f\fadegammadownxcmd.cpp">
			<Filter>lingo\xlibs\f</Filter>
		</ClCompile>
		<ClCompile Include="..\..\engines\director\lingo\xlibs\f\fadegammaupxcmd.cpp">
			<Filter>lingo\xlibs\f</Filter>
		</ClCompile>
		<ClCompile Include="..\..\engines\director\lingo\xlibs\f\fadegammaxcmd.cpp">
			<Filter>lingo\xlibs\f</Filter>
		</ClCompile>
		<ClCompile Include="..\..\engines\director\lingo\xlibs\f\fedracul.cpp">
			<Filter>lingo\xlibs\f</Filter>
		</ClCompile>
		<ClCompile Include="..\..\engines\director\lingo\xlibs\f\feimasks.cpp">
			<Filter>lingo\xlibs\f</Filter>
		</ClCompile>
		<ClCompile Include="..\..\engines\director\lingo\xlibs\f\feiprefs.cpp">
			<Filter>lingo\xlibs\f</Filter>
		</ClCompile>
		<ClCompile Include="..\..\engines\director\lingo\xlibs\f\fileexists.cpp">
			<Filter>lingo\xlibs\f</Filter>
		</ClCompile>
		<ClCompile Include="..\..\engines\director\lingo\xlibs\f\fileio.cpp">
			<Filter>lingo\xlibs\f</Filter>
		</ClCompile>
		<ClCompile Include="..\..\engines\director\lingo\xlibs\f\findereventsxcmd.cpp">
			<Filter>lingo\xlibs\f</Filter>
		</ClCompile>
		<ClCompile Include="..\..\engines\director\lingo\xlibs\f\findfolder.cpp">
			<Filter>lingo\xlibs\f</Filter>
		</ClCompile>
		<ClCompile Include="..\..\engines\director\lingo\xlibs\f\findsys.cpp">
			<Filter>lingo\xlibs\f</Filter>
		</ClCompile>
		<ClCompile Include="..\..\engines\director\lingo\xlibs\f\findwin.cpp">
			<Filter>lingo\xlibs\f</Filter>
		</ClCompile>
		<ClCompile Include="..\..\engines\director\lingo\xlibs\f\flushxobj.cpp">
			<Filter>lingo\xlibs\f</Filter>
		</ClCompile>
		<ClCompile Include="..\..\engines\director\lingo\xlibs\f\fplayxobj.cpp">
			<Filter>lingo\xlibs\f</Filter>
		</ClCompile>
		<ClCompile Include="..\..\engines\director\lingo\xlibs\f\fsutil.cpp">
			<Filter>lingo\xlibs\f</Filter>
		</ClCompile>
		<ClCompile Include="..\..\engines\director\lingo\xlibs\g\genutils.cpp">
			<Filter>lingo\xlibs\g</Filter>
		</ClCompile>
		<ClCompile Include="..\..\engines\director\lingo\xlibs\g\getscreenrectsxfcn.cpp">
			<Filter>lingo\xlibs\g</Filter>
		</ClCompile>
		<ClCompile Include="..\..\engines\director\lingo\xlibs\g\getscreensizexfcn.cpp">
			<Filter>lingo\xlibs\g</Filter>
		</ClCompile>
		<ClCompile Include="..\..\engines\director\lingo\xlibs\g\getsoundinlevel.cpp">
			<Filter>lingo\xlibs\g</Filter>
		</ClCompile>
		<ClCompile Include="..\..\engines\director\lingo\xlibs\g\gpid.cpp">
			<Filter>lingo\xlibs\g</Filter>
		</ClCompile>
		<ClCompile Include="..\..\engines\director\lingo\xlibs\h\henry.cpp">
			<Filter>lingo\xlibs\h</Filter>
		</ClCompile>
		<ClCompile Include="..\..\engines\director\lingo\xlibs\h\hitmap.cpp">
			<Filter>lingo\xlibs\h</Filter>
		</ClCompile>
		<ClCompile Include="..\..\engines\director\lingo\xlibs\i\inixobj.cpp">
			<Filter>lingo\xlibs\i</Filter>
		</ClCompile>
		<ClCompile Include="..\..\engines\director\lingo\xlibs\i\instobj.cpp">
			<Filter>lingo\xlibs\i</Filter>
		</ClCompile>
		<ClCompile Include="..\..\engines\director\lingo\xlibs\i\iscd.cpp">
			<Filter>lingo\xlibs\i</Filter>
		</ClCompile>
		<ClCompile Include="..\..\engines\director\lingo\xlibs\i\ispippin.cpp">
			<Filter>lingo\xlibs\i</Filter>
		</ClCompile>
		<ClCompile Include="..\..\engines\director\lingo\xlibs\j\jitdraw3.cpp">
			<Filter>lingo\xlibs\j</Filter>
		</ClCompile>
		<ClCompile Include="..\..\engines\director\lingo\xlibs\j\jwxini.cpp">
			<Filter>lingo\xlibs\j</Filter>
		</ClCompile>
		<ClCompile Include="..\..\engines\director\lingo\xlibs\l\labeldrvxobj.cpp">
			<Filter>lingo\xlibs\l</Filter>
		</ClCompile>
		<ClCompile Include="..\..\engines\director\lingo\xlibs\l\listdev.cpp">
			<Filter>lingo\xlibs\l</Filter>
		</ClCompile>
		<ClCompile Include="..\..\engines\director\lingo\xlibs\m\maniacbg.cpp">
			<Filter>lingo\xlibs\m</Filter>
		</ClCompile>
		<ClCompile Include="..\..\engines\director\lingo\xlibs\m\mapnavigatorxobj.cpp">
			<Filter>lingo\xlibs\m</Filter>
		</ClCompile>
		<ClCompile Include="..\..\engines\director\lingo\xlibs\m\mazexobj.cpp">
			<Filter>lingo\xlibs\m</Filter>
		</ClCompile>
		<ClCompile Include="..\..\engines\director\lingo\xlibs\m\memcheckxobj.cpp">
			<Filter>lingo\xlibs\m</Filter>
		</ClCompile>
		<ClCompile Include="..\..\engines\director\lingo\xlibs\m\memoryxobj.cpp">
			<Filter>lingo\xlibs\m</Filter>
		</ClCompile>
		<ClCompile Include="..\..\engines\director\lingo\xlibs\m\misc.cpp">
			<Filter>lingo\xlibs\m</Filter>
		</ClCompile>
		<ClCompile Include="..\..\engines\director\lingo\xlibs\m\miscx.cpp">
			<Filter>lingo\xlibs\m</Filter>
		</ClCompile>
		<ClCompile Include="..\..\engines\director\lingo\xlibs\m\mmaskxobj.cpp">
			<Filter>lingo\xlibs\m</Filter>
		</ClCompile>
		<ClCompile Include="..\..\engines\director\lingo\xlibs\m\mmovie.cpp">
			<Filter>lingo\xlibs\m</Filter>
		</ClCompile>
		<ClCompile Include="..\..\engines\director\lingo\xlibs\m\moovxobj.cpp">
			<Filter>lingo\xlibs\m</Filter>
		</ClCompile>
		<ClCompile Include="..\..\engines\director\lingo\xlibs\m\movemousejp.cpp">
			<Filter>lingo\xlibs\m</Filter>
		</ClCompile>
		<ClCompile Include="..\..\engines\director\lingo\xlibs\m\movemousexobj.cpp">
			<Filter>lingo\xlibs\m</Filter>
		</ClCompile>
		<ClCompile Include="..\..\engines\director\lingo\xlibs\m\movieidxxobj.cpp">
			<Filter>lingo\xlibs\m</Filter>
		</ClCompile>
		<ClCompile Include="..\..\engines\director\lingo\xlibs\m\movutils.cpp">
			<Filter>lingo\xlibs\m</Filter>
		</ClCompile>
		<ClCompile Include="..\..\engines\director\lingo\xlibs\m\msfile.cpp">
			<Filter>lingo\xlibs\m</Filter>
		</ClCompile>
		<ClCompile Include="..\..\engines\director\lingo\xlibs\m\mystisle.cpp">
			<Filter>lingo\xlibs\m</Filter>
		</ClCompile>
		<ClCompile Include="..\..\engines\director\lingo\xlibs\o\openbleedwindowxcmd.cpp">
			<Filter>lingo\xlibs\o</Filter>
		</ClCompile>
		<ClCompile Include="..\..\engines\director\lingo\xlibs\o\orthoplayxobj.cpp">
			<Filter>lingo\xlibs\o</Filter>
		</ClCompile>
		<ClCompile Include="..\..\engines\director\lingo\xlibs\p\paco.cpp">
			<Filter>lingo\xlibs\p</Filter>
		</ClCompile>
		<ClCompile Include="..\..\engines\director\lingo\xlibs\p\palxobj.cpp">
			<Filter>lingo\xlibs\p</Filter>
		</ClCompile>
		<ClCompile Include="..\..\engines\director\lingo\xlibs\p\panel.cpp">
			<Filter>lingo\xlibs\p</Filter>
		</ClCompile>
		<ClCompile Include="..\..\engines\director\lingo\xlibs\p\pharaohs.cpp">
			<Filter>lingo\xlibs\p</Filter>
		</ClCompile>
		<ClCompile Include="..\..\engines\director\lingo\xlibs\p\playsoundmoviexobj.cpp">
			<Filter>lingo\xlibs\p</Filter>
		</ClCompile>
		<ClCompile Include="..\..\engines\director\lingo\xlibs\p\popupmenuxobj.cpp">
			<Filter>lingo\xlibs\p</Filter>
		</ClCompile>
		<ClCompile Include="..\..\engines\director\lingo\xlibs\p\porta.cpp">
			<Filter>lingo\xlibs\p</Filter>
		</ClCompile>
		<ClCompile Include="..\..\engines\director\lingo\xlibs\p\prefpath.cpp">
			<Filter>lingo\xlibs\p</Filter>
		</ClCompile>
		<ClCompile Include="..\..\engines\director\lingo\xlibs\p\printomatic.cpp">
			<Filter>lingo\xlibs\p</Filter>
		</ClCompile>
		<ClCompile Include="..\..\engines\director\lingo\xlibs\p\processxobj.cpp">
			<Filter>lingo\xlibs\p</Filter>
		</ClCompile>
		<ClCompile Include="..\..\engines\director\lingo\xlibs\p\putcurs.cpp">
			<Filter>lingo\xlibs\p</Filter>
		</ClCompile>
		<ClCompile Include="..\..\engines\director\lingo\xlibs\q\qtcatmovieplayerxobj.cpp">
			<Filter>lingo\xlibs\q</Filter>
		</ClCompile>
		<ClCompile Include="..\..\engines\director\lingo\xlibs\q\qtmovie.cpp">
			<Filter>lingo\xlibs\q</Filter>
		</ClCompile>
		<ClCompile Include="..\..\engines\director\lingo\xlibs\q\qtsupport.cpp">
			<Filter>lingo\xlibs\q</Filter>
		</ClCompile>
		<ClCompile Include="..\..\engines\director\lingo\xlibs\q\qtvr.cpp">
			<Filter>lingo\xlibs\q</Filter>
		</ClCompile>
		<ClCompile Include="..\..\engines\director\lingo\xlibs\q\quicktime.cpp">
			<Filter>lingo\xlibs\q</Filter>
		</ClCompile>
		<ClCompile Include="..\..\engines\director\lingo\xlibs\r\registercomponent.cpp">
			<Filter>lingo\xlibs\r</Filter>
		</ClCompile>
		<ClCompile Include="..\..\engines\director\lingo\xlibs\r\remixxcmd.cpp">
			<Filter>lingo\xlibs\r</Filter>
		</ClCompile>
		<ClCompile Include="..\..\engines\director\lingo\xlibs\s\savenrestorexobj.cpp">
			<Filter>lingo\xlibs\s</Filter>
		</ClCompile>
		<ClCompile Include="..\..\engines\director\lingo\xlibs\s\serialportxobj.cpp">
			<Filter>lingo\xlibs\s</Filter>
		</ClCompile>
		<ClCompile Include="..\..\engines\director\lingo\xlibs\s\smallutil.cpp">
			<Filter>lingo\xlibs\s</Filter>
		</ClCompile>
		<ClCompile Include="..\..\engines\director\lingo\xlibs\s\soundjam.cpp">
			<Filter>lingo\xlibs\s</Filter>
		</ClCompile>
		<ClCompile Include="..\..\engines\director\lingo\xlibs\s\spacemgr.cpp">
			<Filter>lingo\xlibs\s</Filter>
		</ClCompile>
		<ClCompile Include="..\..\engines\director\lingo\xlibs\s\stagetc.cpp">
			<Filter>lingo\xlibs\s</Filter>
		</ClCompile>
		<ClCompile Include="..\..\engines\director\lingo\xlibs\s\syscolor.cpp">
			<Filter>lingo\xlibs\s</Filter>
		</ClCompile>
		<ClCompile Include="..\..\engines\director\lingo\xlibs\t\temnotaxobj.cpp">
			<Filter>lingo\xlibs\t</Filter>
		</ClCompile>
		<ClCompile Include="..\..\engines\director\lingo\xlibs\t\tengu.cpp">
			<Filter>lingo\xlibs\t</Filter>
		</ClCompile>
		<ClCompile Include="..\..\engines\director\lingo\xlibs\u\unittest.cpp">
			<Filter>lingo\xlibs\u</Filter>
		</ClCompile>
		<ClCompile Include="..\..\engines\director\lingo\xlibs\v\valkyrie.cpp">
			<Filter>lingo\xlibs\v</Filter>
		</ClCompile>
		<ClCompile Include="..\..\engines\director\lingo\xlibs\v\versions.cpp">
			<Filter>lingo\xlibs\v</Filter>
		</ClCompile>
		<ClCompile Include="..\..\engines\director\lingo\xlibs\v\videodiscxobj.cpp">
			<Filter>lingo\xlibs\v</Filter>
		</ClCompile>
		<ClCompile Include="..\..\engines\director\lingo\xlibs\v\vmisonxfcn.cpp">
			<Filter>lingo\xlibs\v</Filter>
		</ClCompile>
		<ClCompile Include="..\..\engines\director\lingo\xlibs\v\vmpresent.cpp">
			<Filter>lingo\xlibs\v</Filter>
		</ClCompile>
		<ClCompile Include="..\..\engines\director\lingo\xlibs\v\volumelist.cpp">
			<Filter>lingo\xlibs\v</Filter>
		</ClCompile>
		<ClCompile Include="..\..\engines\director\lingo\xlibs\v\voyagerxsound.cpp">
			<Filter>lingo\xlibs\v</Filter>
		</ClCompile>
		<ClCompile Include="..\..\engines\director\lingo\xlibs\w\widgetxobj.cpp">
			<Filter>lingo\xlibs\w</Filter>
		</ClCompile>
		<ClCompile Include="..\..\engines\director\lingo\xlibs\w\window.cpp">
			<Filter>lingo\xlibs\w</Filter>
		</ClCompile>
		<ClCompile Include="..\..\engines\director\lingo\xlibs\w\wininfo.cpp">
			<Filter>lingo\xlibs\w</Filter>
		</ClCompile>
		<ClCompile Include="..\..\engines\director\lingo\xlibs\w\winxobj.cpp">
			<Filter>lingo\xlibs\w</Filter>
		</ClCompile>
		<ClCompile Include="..\..\engines\director\lingo\xlibs\x\xcmdglue.cpp">
			<Filter>lingo\xlibs\x</Filter>
		</ClCompile>
		<ClCompile Include="..\..\engines\director\lingo\xlibs\x\xio.cpp">
			<Filter>lingo\xlibs\x</Filter>
		</ClCompile>
		<ClCompile Include="..\..\engines\director\lingo\xlibs\x\xplayanim.cpp">
			<Filter>lingo\xlibs\x</Filter>
		</ClCompile>
		<ClCompile Include="..\..\engines\director\lingo\xlibs\x\xplaypacoxfcn.cpp">
			<Filter>lingo\xlibs\x</Filter>
		</ClCompile>
		<ClCompile Include="..\..\engines\director\lingo\xlibs\x\xsoundxfcn.cpp">
			<Filter>lingo\xlibs\x</Filter>
		</ClCompile>
		<ClCompile Include="..\..\engines\director\lingo\xlibs\x\xwin.cpp">
			<Filter>lingo\xlibs\x</Filter>
		</ClCompile>
		<ClCompile Include="..\..\engines\director\lingo\xlibs\y\yasix.cpp">
			<Filter>lingo\xlibs\y</Filter>
		</ClCompile>
		<ClCompile Include="..\..\engines\director\lingo\xtras\a\audio.cpp">
			<Filter>lingo\xtras\a</Filter>
		</ClCompile>
		<ClCompile Include="..\..\engines\director\lingo\xtras\b\budapi.cpp">
			<Filter>lingo\xtras\b</Filter>
		</ClCompile>
		<ClCompile Include="..\..\engines\director\lingo\xtras\d\directsound.cpp">
			<Filter>lingo\xtras\d</Filter>
		</ClCompile>
		<ClCompile Include="..\..\engines\director\lingo\xtras\d\displayres.cpp">
			<Filter>lingo\xtras\d</Filter>
		</ClCompile>
		<ClCompile Include="..\..\engines\director\lingo\xtras\f\filextra.cpp">
			<Filter>lingo\xtras\f</Filter>
		</ClCompile>
		<ClCompile Include="..\..\engines\director\lingo\xtras\k\keypoll.cpp">
			<Filter>lingo\xtras\k</Filter>
		</ClCompile>
		<ClCompile Include="..\..\engines\director\lingo\xtras\m\masterapp.cpp">
			<Filter>lingo\xtras\m</Filter>
		</ClCompile>
		<ClCompile Include="..\..\engines\director\lingo\xtras\m\mui.cpp">
			<Filter>lingo\xtras\m</Filter>
		</ClCompile>
		<ClCompile Include="..\..\engines\director\lingo\xtras\o\openurl.cpp">
			<Filter>lingo\xtras\o</Filter>
		</ClCompile>
		<ClCompile Include="..\..\engines\director\lingo\xtras\o\oscheck.cpp">
			<Filter>lingo\xtras\o</Filter>
		</ClCompile>
		<ClCompile Include="..\..\engines\director\lingo\xtras\q\qtvrxtra.cpp">
			<Filter>lingo\xtras\q</Filter>
		</ClCompile>
		<ClCompile Include="..\..\engines\director\lingo\xtras\r\registryreader.cpp">
			<Filter>lingo\xtras\r</Filter>
		</ClCompile>
		<ClCompile Include="..\..\engines\director\lingo\xtras\r\rtk.cpp">
			<Filter>lingo\xtras\r</Filter>
		</ClCompile>
		<ClCompile Include="..\..\engines\director\lingo\xtras\s\scrnutil.cpp">
			<Filter>lingo\xtras\s</Filter>
		</ClCompile>
		<ClCompile Include="..\..\engines\director\lingo\xtras\s\smacker.cpp">
			<Filter>lingo\xtras\s</Filter>
		</ClCompile>
		<ClCompile Include="..\..\engines\director\lingo\xtras\s\staytoonedball.cpp">
			<Filter>lingo\xtras\s</Filter>
		</ClCompile>
		<ClCompile Include="..\..\engines\director\lingo\xtras\s\staytoonedglop.cpp">
			<Filter>lingo\xtras\s</Filter>
		</ClCompile>
		<ClCompile Include="..\..\engines\director\lingo\xtras\s\staytoonedhall.cpp">
			<Filter>lingo\xtras\s</Filter>
		</ClCompile>
		<ClCompile Include="..\..\engines\director\lingo\xtras\s\staytoonedhigh.cpp">
			<Filter>lingo\xtras\s</Filter>
		</ClCompile>
		<ClCompile Include="..\..\engines\director\lingo\xtras\s\staytoonedober.cpp">
			<Filter>lingo\xtras\s</Filter>
		</ClCompile>
		<ClCompile Include="..\..\engines\director\lingo\xtras\s\staytoonedtoon.cpp">
			<Filter>lingo\xtras\s</Filter>
		</ClCompile>
		<ClCompile Include="..\..\engines\director\lingo\xtras\t\timextra.cpp">
			<Filter>lingo\xtras\t</Filter>
		</ClCompile>
		<ClCompile Include="..\..\engines\director\lingo\xtras\x\xsound.cpp">
			<Filter>lingo\xtras\x</Filter>
		</ClCompile>
		<ClCompile Include="..\..\engines\director\lingo\lingo-builtins.cpp">
			<Filter>lingo</Filter>
		</ClCompile>
		<ClCompile Include="..\..\engines\director\lingo\lingo-bytecode.cpp">
			<Filter>lingo</Filter>
		</ClCompile>
		<ClCompile Include="..\..\engines\director\lingo\lingo-code.cpp">
			<Filter>lingo</Filter>
		</ClCompile>
		<ClCompile Include="..\..\engines\director\lingo\lingo-codegen.cpp">
			<Filter>lingo</Filter>
		</ClCompile>
		<ClCompile Include="..\..\engines\director\lingo\lingo-events.cpp">
			<Filter>lingo</Filter>
		</ClCompile>
		<ClCompile Include="..\..\engines\director\lingo\lingo-funcs.cpp">
			<Filter>lingo</Filter>
		</ClCompile>
		<ClCompile Include="..\..\engines\director\lingo\lingo-gr.cpp">
			<Filter>lingo</Filter>
		</ClCompile>
		<ClCompile Include="..\..\engines\director\lingo\lingo-lex.cpp">
			<Filter>lingo</Filter>
		</ClCompile>
		<ClCompile Include="..\..\engines\director\lingo\lingo-mci.cpp">
			<Filter>lingo</Filter>
		</ClCompile>
		<ClCompile Include="..\..\engines\director\lingo\lingo-object.cpp">
			<Filter>lingo</Filter>
		</ClCompile>
		<ClCompile Include="..\..\engines\director\lingo\lingo-patcher.cpp">
			<Filter>lingo</Filter>
		</ClCompile>
		<ClCompile Include="..\..\engines\director\lingo\lingo-preprocessor.cpp">
			<Filter>lingo</Filter>
		</ClCompile>
		<ClCompile Include="..\..\engines\director\lingo\lingo-the.cpp">
			<Filter>lingo</Filter>
		</ClCompile>
		<ClCompile Include="..\..\engines\director\lingo\lingo-utils.cpp">
			<Filter>lingo</Filter>
		</ClCompile>
		<ClCompile Include="..\..\engines\director\lingo\lingo.cpp">
			<Filter>lingo</Filter>
		</ClCompile>
		<ClCompile Include="..\..\engines\director\archive-save.cpp" />
		<ClCompile Include="..\..\engines\director\archive.cpp" />
		<ClCompile Include="..\..\engines\director\cast.cpp" />
		<ClCompile Include="..\..\engines\director\channel.cpp" />
		<ClCompile Include="..\..\engines\director\cursor.cpp" />
		<ClCompile Include="..\..\engines\director\debugger.cpp" />
		<ClCompile Include="..\..\engines\director\director.cpp" />
		<ClCompile Include="..\..\engines\director\events.cpp" />
		<ClCompile Include="..\..\engines\director\fonts.cpp" />
		<ClCompile Include="..\..\engines\director\frame.cpp" />
		<ClCompile Include="..\..\engines\director\game-quirks.cpp" />
		<ClCompile Include="..\..\engines\director\graphics.cpp" />
		<ClCompile Include="..\..\engines\director\images.cpp" />
		<ClCompile Include="..\..\engines\director\metaengine.cpp" />
		<ClCompile Include="..\..\engines\director\movie.cpp" />
		<ClCompile Include="..\..\engines\director\picture.cpp" />
		<ClCompile Include="..\..\engines\director\resource.cpp" />
		<ClCompile Include="..\..\engines\director\rte.cpp" />
		<ClCompile Include="..\..\engines\director\score.cpp" />
		<ClCompile Include="..\..\engines\director\sound.cpp" />
		<ClCompile Include="..\..\engines\director\sprite.cpp" />
		<ClCompile Include="..\..\engines\director\stxt.cpp" />
		<ClCompile Include="..\..\engines\director\tests.cpp" />
		<ClCompile Include="..\..\engines\director\transitions.cpp" />
		<ClCompile Include="..\..\engines\director\types.cpp" />
		<ClCompile Include="..\..\engines\director\util.cpp" />
		<ClCompile Include="..\..\engines\director\window.cpp" />
	</ItemGroup>
	<ItemGroup>
		<ClInclude Include="..\..\engines\director\castmember\bitmap.h">
			<Filter>castmember</Filter>
		</ClInclude>
		<ClInclude Include="..\..\engines\director\castmember\castmember.h">
			<Filter>castmember</Filter>
		</ClInclude>
		<ClInclude Include="..\..\engines\director\castmember\digitalvideo.h">
			<Filter>castmember</Filter>
		</ClInclude>
		<ClInclude Include="..\..\engines\director\castmember\filmloop.h">
			<Filter>castmember</Filter>
		</ClInclude>
		<ClInclude Include="..\..\engines\director\castmember\movie.h">
			<Filter>castmember</Filter>
		</ClInclude>
		<ClInclude Include="..\..\engines\director\castmember\palette.h">
			<Filter>castmember</Filter>
		</ClInclude>
		<ClInclude Include="..\..\engines\director\castmember\richtext.h">
			<Filter>castmember</Filter>
		</ClInclude>
		<ClInclude Include="..\..\engines\director\castmember\script.h">
			<Filter>castmember</Filter>
		</ClInclude>
		<ClInclude Include="..\..\engines\director\castmember\shape.h">
			<Filter>castmember</Filter>
		</ClInclude>
		<ClInclude Include="..\..\engines\director\castmember\sound.h">
			<Filter>castmember</Filter>
		</ClInclude>
		<ClInclude Include="..\..\engines\director\castmember\text.h">
			<Filter>castmember</Filter>
		</ClInclude>
		<ClInclude Include="..\..\engines\director\castmember\transition.h">
			<Filter>castmember</Filter>
		</ClInclude>
		<ClInclude Include="..\..\engines\director\castmember\xtra.h">
			<Filter>castmember</Filter>
		</ClInclude>
		<ClInclude Include="..\..\engines\director\debugger\debugtools.h">
			<Filter>debugger</Filter>
		</ClInclude>
		<ClInclude Include="..\..\engines\director\debugger\dt-internal.h">
			<Filter>debugger</Filter>
		</ClInclude>
		<ClInclude Include="..\..\engines\director\lingo\lingodec\ast.h">
			<Filter>lingo\lingodec</Filter>
		</ClInclude>
		<ClInclude Include="..\..\engines\director\lingo\lingodec\codewritervisitor.h">
			<Filter>lingo\lingodec</Filter>
		</ClInclude>
		<ClInclude Include="..\..\engines\director\lingo\lingodec\context.h">
			<Filter>lingo\lingodec</Filter>
		</ClInclude>
		<ClInclude Include="..\..\engines\director\lingo\lingodec\enums.h">
			<Filter>lingo\lingodec</Filter>
		</ClInclude>
		<ClInclude Include="..\..\engines\director\lingo\lingodec\handler.h">
			<Filter>lingo\lingodec</Filter>
		</ClInclude>
		<ClInclude Include="..\..\engines\director\lingo\lingodec\names.h">
			<Filter>lingo\lingodec</Filter>
		</ClInclude>
		<ClInclude Include="..\..\engines\director\lingo\lingodec\resolver.h">
			<Filter>lingo\lingodec</Filter>
		</ClInclude>
		<ClInclude Include="..\..\engines\director\lingo\lingodec\script.h">
			<Filter>lingo\lingodec</Filter>
		</ClInclude>
		<ClInclude Include="..\..\engines\director\lingo\xlibs\a\aiff.h">
			<Filter>lingo\xlibs\a</Filter>
		</ClInclude>
		<ClInclude Include="..\..\engines\director\lingo\xlibs\a\applecdxobj.h">
			<Filter>lingo\xlibs\a</Filter>
		</ClInclude>
		<ClInclude Include="..\..\engines\director\lingo\xlibs\a\askuser.h">
			<Filter>lingo\xlibs\a</Filter>
		</ClInclude>
		<ClInclude Include="..\..\engines\director\lingo\xlibs\b\backdrop.h">
			<Filter>lingo\xlibs\b</Filter>
		</ClInclude>
		<ClInclude Include="..\..\engines\director\lingo\xlibs\b\barakeobj.h">
			<Filter>lingo\xlibs\b</Filter>
		</ClInclude>
		<ClInclude Include="..\..\engines\director\lingo\xlibs\b\batqt.h">
			<Filter>lingo\xlibs\b</Filter>
		</ClInclude>
		<ClInclude Include="..\..\engines\director\lingo\xlibs\b\bimxobj.h">
			<Filter>lingo\xlibs\b</Filter>
		</ClInclude>
		<ClInclude Include="..\..\engines\director\lingo\xlibs\b\blitpict.h">
			<Filter>lingo\xlibs\b</Filter>
		</ClInclude>
		<ClInclude Include="..\..\engines\director\lingo\xlibs\b\blockthedrawingxobj.h">
			<Filter>lingo\xlibs\b</Filter>
		</ClInclude>
		<ClInclude Include="..\..\engines\director\lingo\xlibs\c\cdromxobj.h">
			<Filter>lingo\xlibs\c</Filter>
		</ClInclude>
		<ClInclude Include="..\..\engines\director\lingo\xlibs\c\closebleedwindowxcmd.h">
			<Filter>lingo\xlibs\c</Filter>
		</ClInclude>
		<ClInclude Include="..\..\engines\director\lingo\xlibs\c\colorcursorxobj.h">
			<Filter>lingo\xlibs\c</Filter>
		</ClInclude>
		<ClInclude Include="..\..\engines\director\lingo\xlibs\c\colorxobj.h">
			<Filter>lingo\xlibs\c</Filter>
		</ClInclude>
		<ClInclude Include="..\..\engines\director\lingo\xlibs\c\consumer.h">
			<Filter>lingo\xlibs\c</Filter>
		</ClInclude>
		<ClInclude Include="..\..\engines\director\lingo\xlibs\c\cursorxobj.h">
			<Filter>lingo\xlibs\c</Filter>
		</ClInclude>
		<ClInclude Include="..\..\engines\director\lingo\xlibs\d\darkenscreen.h">
			<Filter>lingo\xlibs\d</Filter>
		</ClInclude>
		<ClInclude Include="..\..\engines\director\lingo\xlibs\d\dateutil.h">
			<Filter>lingo\xlibs\d</Filter>
		</ClInclude>
		<ClInclude Include="..\..\engines\director\lingo\xlibs\d\developerStack.h">
			<Filter>lingo\xlibs\d</Filter>
		</ClInclude>
		<ClInclude Include="..\..\engines\director\lingo\xlibs\d\dialogsxobj.h">
			<Filter>lingo\xlibs\d</Filter>
		</ClInclude>
		<ClInclude Include="..\..\engines\director\lingo\xlibs\d\dirutil.h">
			<Filter>lingo\xlibs\d</Filter>
		</ClInclude>
		<ClInclude Include="..\..\engines\director\lingo\xlibs\d\dllglue.h">
			<Filter>lingo\xlibs\d</Filter>
		</ClInclude>
		<ClInclude Include="..\..\engines\director\lingo\xlibs\d\dpwavi.h">
			<Filter>lingo\xlibs\d</Filter>
		</ClInclude>
		<ClInclude Include="..\..\engines\director\lingo\xlibs\d\dpwqtw.h">
			<Filter>lingo\xlibs\d</Filter>
		</ClInclude>
		<ClInclude Include="..\..\engines\director\lingo\xlibs\d\draw.h">
			<Filter>lingo\xlibs\d</Filter>
		</ClInclude>
		<ClInclude Include="..\..\engines\director\lingo\xlibs\e\ecdctrl.h">
			<Filter>lingo\xlibs\e</Filter>
		</ClInclude>
		<ClInclude Include="..\..\engines\director\lingo\xlibs\e\ednox.h">
			<Filter>lingo\xlibs\e</Filter>
		</ClInclude>
		<ClInclude Include="..\..\engines\director\lingo\xlibs\e\eventq.h">
			<Filter>lingo\xlibs\e</Filter>
		</ClInclude>
		<ClInclude Include="..\..\engines\director\lingo\xlibs\f\fadegammadownxcmd.h">
			<Filter>lingo\xlibs\f</Filter>
		</ClInclude>
		<ClInclude Include="..\..\engines\director\lingo\xlibs\f\fadegammaupxcmd.h">
			<Filter>lingo\xlibs\f</Filter>
		</ClInclude>
		<ClInclude Include="..\..\engines\director\lingo\xlibs\f\fadegammaxcmd.h">
			<Filter>lingo\xlibs\f</Filter>
		</ClInclude>
		<ClInclude Include="..\..\engines\director\lingo\xlibs\f\fedracul.h">
			<Filter>lingo\xlibs\f</Filter>
		</ClInclude>
		<ClInclude Include="..\..\engines\director\lingo\xlibs\f\feimasks.h">
			<Filter>lingo\xlibs\f</Filter>
		</ClInclude>
		<ClInclude Include="..\..\engines\director\lingo\xlibs\f\feiprefs.h">
			<Filter>lingo\xlibs\f</Filter>
		</ClInclude>
		<ClInclude Include="..\..\engines\director\lingo\xlibs\f\fileexists.h">
			<Filter>lingo\xlibs\f</Filter>
		</ClInclude>
		<ClInclude Include="..\..\engines\director\lingo\xlibs\f\fileio.h">
			<Filter>lingo\xlibs\f</Filter>
		</ClInclude>
		<ClInclude Include="..\..\engines\director\lingo\xlibs\f\findereventsxcmd.h">
			<Filter>lingo\xlibs\f</Filter>
		</ClInclude>
		<ClInclude Include="..\..\engines\director\lingo\xlibs\f\findfolder.h">
			<Filter>lingo\xlibs\f</Filter>
		</ClInclude>
		<ClInclude Include="..\..\engines\director\lingo\xlibs\f\findsys.h">
			<Filter>lingo\xlibs\f</Filter>
		</ClInclude>
		<ClInclude Include="..\..\engines\director\lingo\xlibs\f\findwin.h">
			<Filter>lingo\xlibs\f</Filter>
		</ClInclude>
		<ClInclude Include="..\..\engines\director\lingo\xlibs\f\flushxobj.h">
			<Filter>lingo\xlibs\f</Filter>
		</ClInclude>
		<ClInclude Include="..\..\engines\director\lingo\xlibs\f\fplayxobj.h">
			<Filter>lingo\xlibs\f</Filter>
		</ClInclude>
		<ClInclude Include="..\..\engines\director\lingo\xlibs\f\fsutil.h">
			<Filter>lingo\xlibs\f</Filter>
		</ClInclude>
		<ClInclude Include="..\..\engines\director\lingo\xlibs\g\genutils.h">
			<Filter>lingo\xlibs\g</Filter>
		</ClInclude>
		<ClInclude Include="..\..\engines\director\lingo\xlibs\g\getscreenrectsxfcn.h">
			<Filter>lingo\xlibs\g</Filter>
		</ClInclude>
		<ClInclude Include="..\..\engines\director\lingo\xlibs\g\getscreensizexfcn.h">
			<Filter>lingo\xlibs\g</Filter>
		</ClInclude>
		<ClInclude Include="..\..\engines\director\lingo\xlibs\g\getsoundinlevel.h">
			<Filter>lingo\xlibs\g</Filter>
		</ClInclude>
		<ClInclude Include="..\..\engines\director\lingo\xlibs\g\gpid.h">
			<Filter>lingo\xlibs\g</Filter>
		</ClInclude>
		<ClInclude Include="..\..\engines\director\lingo\xlibs\h\henry.h">
			<Filter>lingo\xlibs\h</Filter>
		</ClInclude>
		<ClInclude Include="..\..\engines\director\lingo\xlibs\h\hitmap.h">
			<Filter>lingo\xlibs\h</Filter>
		</ClInclude>
		<ClInclude Include="..\..\engines\director\lingo\xlibs\i\inixobj.h">
			<Filter>lingo\xlibs\i</Filter>
		</ClInclude>
		<ClInclude Include="..\..\engines\director\lingo\xlibs\i\instobj.h">
			<Filter>lingo\xlibs\i</Filter>
		</ClInclude>
		<ClInclude Include="..\..\engines\director\lingo\xlibs\i\iscd.h">
			<Filter>lingo\xlibs\i</Filter>
		</ClInclude>
		<ClInclude Include="..\..\engines\director\lingo\xlibs\i\ispippin.h">
			<Filter>lingo\xlibs\i</Filter>
		</ClInclude>
		<ClInclude Include="..\..\engines\director\lingo\xlibs\j\jitdraw3.h">
			<Filter>lingo\xlibs\j</Filter>
		</ClInclude>
		<ClInclude Include="..\..\engines\director\lingo\xlibs\j\jwxini.h">
			<Filter>lingo\xlibs\j</Filter>
		</ClInclude>
		<ClInclude Include="..\..\engines\director\lingo\xlibs\l\labeldrvxobj.h">
			<Filter>lingo\xlibs\l</Filter>
		</ClInclude>
		<ClInclude Include="..\..\engines\director\lingo\xlibs\l\listdev.h">
			<Filter>lingo\xlibs\l</Filter>
		</ClInclude>
		<ClInclude Include="..\..\engines\director\lingo\xlibs\m\maniacbg.h">
			<Filter>lingo\xlibs\m</Filter>
		</ClInclude>
		<ClInclude Include="..\..\engines\director\lingo\xlibs\m\mapnavigatorxobj.h">
			<Filter>lingo\xlibs\m</Filter>
		</ClInclude>
		<ClInclude Include="..\..\engines\director\lingo\xlibs\m\mazexobj.h">
			<Filter>lingo\xlibs\m</Filter>
		</ClInclude>
		<ClInclude Include="..\..\engines\director\lingo\xlibs\m\memcheckxobj.h">
			<Filter>lingo\xlibs\m</Filter>
		</ClInclude>
		<ClInclude Include="..\..\engines\director\lingo\xlibs\m\memoryxobj.h">
			<Filter>lingo\xlibs\m</Filter>
		</ClInclude>
		<ClInclude Include="..\..\engines\director\lingo\xlibs\m\misc.h">
			<Filter>lingo\xlibs\m</Filter>
		</ClInclude>
		<ClInclude Include="..\..\engines\director\lingo\xlibs\m\miscx.h">
			<Filter>lingo\xlibs\m</Filter>
		</ClInclude>
		<ClInclude Include="..\..\engines\director\lingo\xlibs\m\mmaskxobj.h">
			<Filter>lingo\xlibs\m</Filter>
		</ClInclude>
		<ClInclude Include="..\..\engines\director\lingo\xlibs\m\mmovie.h">
			<Filter>lingo\xlibs\m</Filter>
		</ClInclude>
		<ClInclude Include="..\..\engines\director\lingo\xlibs\m\moovxobj.h">
			<Filter>lingo\xlibs\m</Filter>
		</ClInclude>
		<ClInclude Include="..\..\engines\director\lingo\xlibs\m\movemousejp.h">
			<Filter>lingo\xlibs\m</Filter>
		</ClInclude>
		<ClInclude Include="..\..\engines\director\lingo\xlibs\m\movemousexobj.h">
			<Filter>lingo\xlibs\m</Filter>
		</ClInclude>
		<ClInclude Include="..\..\engines\director\lingo\xlibs\m\movieidxxobj.h">
			<Filter>lingo\xlibs\m</Filter>
		</ClInclude>
		<ClInclude Include="..\..\engines\director\lingo\xlibs\m\movutils.h">
			<Filter>lingo\xlibs\m</Filter>
		</ClInclude>
		<ClInclude Include="..\..\engines\director\lingo\xlibs\m\msfile.h">
			<Filter>lingo\xlibs\m</Filter>
		</ClInclude>
		<ClInclude Include="..\..\engines\director\lingo\xlibs\m\mystisle.h">
			<Filter>lingo\xlibs\m</Filter>
		</ClInclude>
		<ClInclude Include="..\..\engines\director\lingo\xlibs\o\openbleedwindowxcmd.h">
			<Filter>lingo\xlibs\o</Filter>
		</ClInclude>
		<ClInclude Include="..\..\engines\director\lingo\xlibs\o\orthoplayxobj.h">
			<Filter>lingo\xlibs\o</Filter>
		</ClInclude>
		<ClInclude Include="..\..\engines\director\lingo\xlibs\p\paco.h">
			<Filter>lingo\xlibs\p</Filter>
		</ClInclude>
		<ClInclude Include="..\..\engines\director\lingo\xlibs\p\palxobj.h">
			<Filter>lingo\xlibs\p</Filter>
		</ClInclude>
		<ClInclude Include="..\..\engines\director\lingo\xlibs\p\panel.h">
			<Filter>lingo\xlibs\p</Filter>
		</ClInclude>
		<ClInclude Include="..\..\engines\director\lingo\xlibs\p\pharaohs.h">
			<Filter>lingo\xlibs\p</Filter>
		</ClInclude>
		<ClInclude Include="..\..\engines\director\lingo\xlibs\p\playsoundmoviexobj.h">
			<Filter>lingo\xlibs\p</Filter>
		</ClInclude>
		<ClInclude Include="..\..\engines\director\lingo\xlibs\p\popupmenuxobj.h">
			<Filter>lingo\xlibs\p</Filter>
		</ClInclude>
		<ClInclude Include="..\..\engines\director\lingo\xlibs\p\porta.h">
			<Filter>lingo\xlibs\p</Filter>
		</ClInclude>
		<ClInclude Include="..\..\engines\director\lingo\xlibs\p\prefpath.h">
			<Filter>lingo\xlibs\p</Filter>
		</ClInclude>
		<ClInclude Include="..\..\engines\director\lingo\xlibs\p\printomatic.h">
			<Filter>lingo\xlibs\p</Filter>
		</ClInclude>
		<ClInclude Include="..\..\engines\director\lingo\xlibs\p\processxobj.h">
			<Filter>lingo\xlibs\p</Filter>
		</ClInclude>
		<ClInclude Include="..\..\engines\director\lingo\xlibs\p\putcurs.h">
			<Filter>lingo\xlibs\p</Filter>
		</ClInclude>
		<ClInclude Include="..\..\engines\director\lingo\xlibs\q\qtcatmovieplayerxobj.h">
			<Filter>lingo\xlibs\q</Filter>
		</ClInclude>
		<ClInclude Include="..\..\engines\director\lingo\xlibs\q\qtmovie.h">
			<Filter>lingo\xlibs\q</Filter>
		</ClInclude>
		<ClInclude Include="..\..\engines\director\lingo\xlibs\q\qtsupport.h">
			<Filter>lingo\xlibs\q</Filter>
		</ClInclude>
		<ClInclude Include="..\..\engines\director\lingo\xlibs\q\qtvr.h">
			<Filter>lingo\xlibs\q</Filter>
		</ClInclude>
		<ClInclude Include="..\..\engines\director\lingo\xlibs\q\quicktime.h">
			<Filter>lingo\xlibs\q</Filter>
		</ClInclude>
		<ClInclude Include="..\..\engines\director\lingo\xlibs\r\registercomponent.h">
			<Filter>lingo\xlibs\r</Filter>
		</ClInclude>
		<ClInclude Include="..\..\engines\director\lingo\xlibs\r\remixxcmd.h">
			<Filter>lingo\xlibs\r</Filter>
		</ClInclude>
		<ClInclude Include="..\..\engines\director\lingo\xlibs\s\savenrestorexobj.h">
			<Filter>lingo\xlibs\s</Filter>
		</ClInclude>
		<ClInclude Include="..\..\engines\director\lingo\xlibs\s\serialportxobj.h">
			<Filter>lingo\xlibs\s</Filter>
		</ClInclude>
		<ClInclude Include="..\..\engines\director\lingo\xlibs\s\smallutil.h">
			<Filter>lingo\xlibs\s</Filter>
		</ClInclude>
		<ClInclude Include="..\..\engines\director\lingo\xlibs\s\soundjam.h">
			<Filter>lingo\xlibs\s</Filter>
		</ClInclude>
		<ClInclude Include="..\..\engines\director\lingo\xlibs\s\spacemgr.h">
			<Filter>lingo\xlibs\s</Filter>
		</ClInclude>
		<ClInclude Include="..\..\engines\director\lingo\xlibs\s\stagetc.h">
			<Filter>lingo\xlibs\s</Filter>
		</ClInclude>
		<ClInclude Include="..\..\engines\director\lingo\xlibs\s\syscolor.h">
			<Filter>lingo\xlibs\s</Filter>
		</ClInclude>
		<ClInclude Include="..\..\engines\director\lingo\xlibs\t\temnotaxobj.h">
			<Filter>lingo\xlibs\t</Filter>
		</ClInclude>
		<ClInclude Include="..\..\engines\director\lingo\xlibs\t\tengu.h">
			<Filter>lingo\xlibs\t</Filter>
		</ClInclude>
		<ClInclude Include="..\..\engines\director\lingo\xlibs\u\unittest.h">
			<Filter>lingo\xlibs\u</Filter>
		</ClInclude>
		<ClInclude Include="..\..\engines\director\lingo\xlibs\v\valkyrie.h">
			<Filter>lingo\xlibs\v</Filter>
		</ClInclude>
		<ClInclude Include="..\..\engines\director\lingo\xlibs\v\versions.h">
			<Filter>lingo\xlibs\v</Filter>
		</ClInclude>
		<ClInclude Include="..\..\engines\director\lingo\xlibs\v\videodiscxobj.h">
			<Filter>lingo\xlibs\v</Filter>
		</ClInclude>
		<ClInclude Include="..\..\engines\director\lingo\xlibs\v\vmisonxfcn.h">
			<Filter>lingo\xlibs\v</Filter>
		</ClInclude>
		<ClInclude Include="..\..\engines\director\lingo\xlibs\v\vmpresent.h">
			<Filter>lingo\xlibs\v</Filter>
		</ClInclude>
		<ClInclude Include="..\..\engines\director\lingo\xlibs\v\volumelist.h">
			<Filter>lingo\xlibs\v</Filter>
		</ClInclude>
		<ClInclude Include="..\..\engines\director\lingo\xlibs\v\voyagerxsound.h">
			<Filter>lingo\xlibs\v</Filter>
		</ClInclude>
		<ClInclude Include="..\..\engines\director\lingo\xlibs\w\widgetxobj.h">
			<Filter>lingo\xlibs\w</Filter>
		</ClInclude>
		<ClInclude Include="..\..\engines\director\lingo\xlibs\w\window.h">
			<Filter>lingo\xlibs\w</Filter>
		</ClInclude>
		<ClInclude Include="..\..\engines\director\lingo\xlibs\w\wininfo.h">
			<Filter>lingo\xlibs\w</Filter>
		</ClInclude>
		<ClInclude Include="..\..\engines\director\lingo\xlibs\w\winxobj.h">
			<Filter>lingo\xlibs\w</Filter>
		</ClInclude>
		<ClInclude Include="..\..\engines\director\lingo\xlibs\x\xcmdglue.h">
			<Filter>lingo\xlibs\x</Filter>
		</ClInclude>
		<ClInclude Include="..\..\engines\director\lingo\xlibs\x\xio.h">
			<Filter>lingo\xlibs\x</Filter>
		</ClInclude>
		<ClInclude Include="..\..\engines\director\lingo\xlibs\x\xplayanim.h">
			<Filter>lingo\xlibs\x</Filter>
		</ClInclude>
		<ClInclude Include="..\..\engines\director\lingo\xlibs\x\xplaypacoxfcn.h">
			<Filter>lingo\xlibs\x</Filter>
		</ClInclude>
		<ClInclude Include="..\..\engines\director\lingo\xlibs\x\xsoundxfcn.h">
			<Filter>lingo\xlibs\x</Filter>
		</ClInclude>
		<ClInclude Include="..\..\engines\director\lingo\xlibs\x\xwin.h">
			<Filter>lingo\xlibs\x</Filter>
		</ClInclude>
		<ClInclude Include="..\..\engines\director\lingo\xlibs\y\yasix.h">
			<Filter>lingo\xlibs\y</Filter>
		</ClInclude>
		<ClInclude Include="..\..\engines\director\lingo\xtras\a\audio.h">
			<Filter>lingo\xtras\a</Filter>
		</ClInclude>
		<ClInclude Include="..\..\engines\director\lingo\xtras\b\budapi.h">
			<Filter>lingo\xtras\b</Filter>
		</ClInclude>
		<ClInclude Include="..\..\engines\director\lingo\xtras\d\directsound.h">
			<Filter>lingo\xtras\d</Filter>
		</ClInclude>
		<ClInclude Include="..\..\engines\director\lingo\xtras\d\displayres.h">
			<Filter>lingo\xtras\d</Filter>
		</ClInclude>
		<ClInclude Include="..\..\engines\director\lingo\xtras\f\filextra.h">
			<Filter>lingo\xtras\f</Filter>
		</ClInclude>
		<ClInclude Include="..\..\engines\director\lingo\xtras\k\keypoll.h">
			<Filter>lingo\xtras\k</Filter>
		</ClInclude>
		<ClInclude Include="..\..\engines\director\lingo\xtras\m\masterapp.h">
			<Filter>lingo\xtras\m</Filter>
		</ClInclude>
		<ClInclude Include="..\..\engines\director\lingo\xtras\m\mui.h">
			<Filter>lingo\xtras\m</Filter>
		</ClInclude>
		<ClInclude Include="..\..\engines\director\lingo\xtras\o\openurl.h">
			<Filter>lingo\xtras\o</Filter>
		</ClInclude>
		<ClInclude Include="..\..\engines\director\lingo\xtras\o\oscheck.h">
			<Filter>lingo\xtras\o</Filter>
		</ClInclude>
		<ClInclude Include="..\..\engines\director\lingo\xtras\q\qtvrxtra.h">
			<Filter>lingo\xtras\q</Filter>
		</ClInclude>
		<ClInclude Include="..\..\engines\director\lingo\xtras\r\registryreader.h">
			<Filter>lingo\xtras\r</Filter>
		</ClInclude>
		<ClInclude Include="..\..\engines\director\lingo\xtras\r\rtk.h">
			<Filter>lingo\xtras\r</Filter>
		</ClInclude>
		<ClInclude Include="..\..\engines\director\lingo\xtras\s\scrnutil.h">
			<Filter>lingo\xtras\s</Filter>
		</ClInclude>
		<ClInclude Include="..\..\engines\director\lingo\xtras\s\smacker.h">
			<Filter>lingo\xtras\s</Filter>
		</ClInclude>
		<ClInclude Include="..\..\engines\director\lingo\xtras\s\staytoonedball.h">
			<Filter>lingo\xtras\s</Filter>
		</ClInclude>
		<ClInclude Include="..\..\engines\director\lingo\xtras\s\staytoonedglop.h">
			<Filter>lingo\xtras\s</Filter>
		</ClInclude>
		<ClInclude Include="..\..\engines\director\lingo\xtras\s\staytoonedhall.h">
			<Filter>lingo\xtras\s</Filter>
		</ClInclude>
		<ClInclude Include="..\..\engines\director\lingo\xtras\s\staytoonedhigh.h">
			<Filter>lingo\xtras\s</Filter>
		</ClInclude>
		<ClInclude Include="..\..\engines\director\lingo\xtras\s\staytoonedober.h">
			<Filter>lingo\xtras\s</Filter>
		</ClInclude>
		<ClInclude Include="..\..\engines\director\lingo\xtras\s\staytoonedtoon.h">
			<Filter>lingo\xtras\s</Filter>
		</ClInclude>
		<ClInclude Include="..\..\engines\director\lingo\xtras\t\timextra.h">
			<Filter>lingo\xtras\t</Filter>
		</ClInclude>
		<ClInclude Include="..\..\engines\director\lingo\xtras\x\xsound.h">
			<Filter>lingo\xtras\x</Filter>
		</ClInclude>
		<ClInclude Include="..\..\engines\director\lingo\lingo-ast.h">
			<Filter>lingo</Filter>
		</ClInclude>
		<ClInclude Include="..\..\engines\director\lingo\lingo-builtins.h">
			<Filter>lingo</Filter>
		</ClInclude>
		<ClInclude Include="..\..\engines\director\lingo\lingo-bytecode.h">
			<Filter>lingo</Filter>
		</ClInclude>
		<ClInclude Include="..\..\engines\director\lingo\lingo-code.h">
			<Filter>lingo</Filter>
		</ClInclude>
		<ClInclude Include="..\..\engines\director\lingo\lingo-codegen.h">
			<Filter>lingo</Filter>
		</ClInclude>
		<ClInclude Include="..\..\engines\director\lingo\lingo-gr.h">
			<Filter>lingo</Filter>
		</ClInclude>
		<ClInclude Include="..\..\engines\director\lingo\lingo-object.h">
			<Filter>lingo</Filter>
		</ClInclude>
		<ClInclude Include="..\..\engines\director\lingo\lingo-the.h">
			<Filter>lingo</Filter>
		</ClInclude>
		<ClInclude Include="..\..\engines\director\lingo\lingo-utils.h">
			<Filter>lingo</Filter>
		</ClInclude>
		<ClInclude Include="..\..\engines\director\lingo\lingo.h">
			<Filter>lingo</Filter>
		</ClInclude>
		<ClInclude Include="..\..\engines\director\archive.h" />
		<ClInclude Include="..\..\engines\director\blank-score.h" />
		<ClInclude Include="..\..\engines\director\cast.h" />
		<ClInclude Include="..\..\engines\director\channel.h" />
		<ClInclude Include="..\..\engines\director\cursor.h" />
		<ClInclude Include="..\..\engines\director\debugger.h" />
		<ClInclude Include="..\..\engines\director\detection.h" />
		<ClInclude Include="..\..\engines\director\detection_paths.h" />
		<ClInclude Include="..\..\engines\director\detection_tables.h" />
		<ClInclude Include="..\..\engines\director\director.h" />
		<ClInclude Include="..\..\engines\director\frame.h" />
		<ClInclude Include="..\..\engines\director\graphics-data.h" />
		<ClInclude Include="..\..\engines\director\images.h" />
		<ClInclude Include="..\..\engines\director\movie.h" />
		<ClInclude Include="..\..\engines\director\palette-fade.h" />
		<ClInclude Include="..\..\engines\director\picture.h" />
		<ClInclude Include="..\..\engines\director\rte.h" />
		<ClInclude Include="..\..\engines\director\score.h" />
		<ClInclude Include="..\..\engines\director\sound.h" />
		<ClInclude Include="..\..\engines\director\sprite.h" />
		<ClInclude Include="..\..\engines\director\spriteinfo.h" />
		<ClInclude Include="..\..\engines\director\stxt.h" />
		<ClInclude Include="..\..\engines\director\types.h" />
		<ClInclude Include="..\..\engines\director\util.h" />
		<ClInclude Include="..\..\engines\director\window.h" />
	</ItemGroup>
	<ItemGroup>
		<None Include="..\..\engines\director\module.mk" />
	</ItemGroup>
</Project>