<?xml version="1.0" encoding="utf-8"?>
<Project ToolsVersion="14.0" xmlns="http://schemas.microsoft.com/developer/msbuild/2003">
	<ItemGroup>
		<Filter Include="games">
			<UniqueIdentifier>B83DD497-0465-45D0-8D89-EEB96419238C</UniqueIdentifier>
		</Filter>
		<Filter Include="games\castle">
			<UniqueIdentifier>EF49DCF1-4F20-4F5E-B0D3-FB2064EFA90F</UniqueIdentifier>
		</Filter>
		<Filter Include="games\dark">
			<UniqueIdentifier>3EE8AAF8-E0D0-4445-897F-06DEA61FA0A7</UniqueIdentifier>
		</Filter>
		<Filter Include="games\driller">
			<UniqueIdentifier>26F11B61-0D10-4FF5-8738-CDBD852E5981</UniqueIdentifier>
		</Filter>
		<Filter Include="games\eclipse">
			<UniqueIdentifier>A130184B-D8E6-4CE5-B9F5-9EE8166F0E9E</UniqueIdentifier>
		</Filter>
		<Filter Include="language">
			<UniqueIdentifier>5EF3EA0B-63F5-4E20-AC39-A752F95EE407</UniqueIdentifier>
		</Filter>
		<Filter Include="loaders">
			<UniqueIdentifier>DFFE2843-C9CD-4E30-B2DC-35F961950CE3</UniqueIdentifier>
		</Filter>
		<Filter Include="objects">
			<UniqueIdentifier>9DD5D3CC-E830-4D16-8E1E-14BB6A420135</UniqueIdentifier>
		</Filter>
		<Filter Include="sound">
			<UniqueIdentifier>F86E0CA8-14DF-4486-8B17-310887C01161</UniqueIdentifier>
		</Filter>
	</ItemGroup>
	<ItemGroup>
		<ClCompile Include="..\..\engines\freescape\games\castle\amiga.cpp">
			<Filter>games\castle</Filter>
		</ClCompile>
		<ClCompile Include="..\..\engines\freescape\games\castle\castle.cpp">
			<Filter>games\castle</Filter>
		</ClCompile>
		<ClCompile Include="..\..\engines\freescape\games\castle\cpc.cpp">
			<Filter>games\castle</Filter>
		</ClCompile>
		<ClCompile Include="..\..\engines\freescape\games\castle\dos.cpp">
			<Filter>games\castle</Filter>
		</ClCompile>
		<ClCompile Include="..\..\engines\freescape\games\castle\zx.cpp">
			<Filter>games\castle</Filter>
		</ClCompile>
		<ClCompile Include="..\..\engines\freescape\games\dark\amiga.cpp">
			<Filter>games\dark</Filter>
		</ClCompile>
		<ClCompile Include="..\..\engines\freescape\games\dark\atari.cpp">
			<Filter>games\dark</Filter>
		</ClCompile>
		<ClCompile Include="..\..\engines\freescape\games\dark\c64.cpp">
			<Filter>games\dark</Filter>
		</ClCompile>
		<ClCompile Include="..\..\engines\freescape\games\dark\c64.music.cpp">
			<Filter>games\dark</Filter>
		</ClCompile>
		<ClCompile Include="..\..\engines\freescape\games\dark\c64.sfx.cpp">
			<Filter>games\dark</Filter>
		</ClCompile>
		<ClCompile Include="..\..\engines\freescape\games\dark\cpc.cpp">
			<Filter>games\dark</Filter>
		</ClCompile>
		<ClCompile Include="..\..\engines\freescape\games\dark\dark.cpp">
			<Filter>games\dark</Filter>
		</ClCompile>
		<ClCompile Include="..\..\engines\freescape\games\dark\dos.cpp">
			<Filter>games\dark</Filter>
		</ClCompile>
		<ClCompile Include="..\..\engines\freescape\games\dark\zx.cpp">
			<Filter>games\dark</Filter>
		</ClCompile>
		<ClCompile Include="..\..\engines\freescape\games\driller\amiga.cpp">
			<Filter>games\driller</Filter>
		</ClCompile>
		<ClCompile Include="..\..\engines\freescape\games\driller\atari.cpp">
			<Filter>games\driller</Filter>
		</ClCompile>
		<ClCompile Include="..\..\engines\freescape\games\driller\c64.cpp">
			<Filter>games\driller</Filter>
		</ClCompile>
		<ClCompile Include="..\..\engines\freescape\games\driller\c64.music.cpp">
			<Filter>games\driller</Filter>
		</ClCompile>
		<ClCompile Include="..\..\engines\freescape\games\driller\c64.sfx.cpp">
			<Filter>games\driller</Filter>
		</ClCompile>
		<ClCompile Include="..\..\engines\freescape\games\driller\cpc.cpp">
			<Filter>games\driller</Filter>
		</ClCompile>
		<ClCompile Include="..\..\engines\freescape\games\driller\dos.cpp">
			<Filter>games\driller</Filter>
		</ClCompile>
		<ClCompile Include="..\..\engines\freescape\games\driller\driller.cpp">
			<Filter>games\driller</Filter>
		</ClCompile>
		<ClCompile Include="..\..\engines\freescape\games\driller\sounds.cpp">
			<Filter>games\driller</Filter>
		</ClCompile>
		<ClCompile Include="..\..\engines\freescape\games\driller\zx.cpp">
			<Filter>games\driller</Filter>
		</ClCompile>
		<ClCompile Include="..\..\engines\freescape\games\eclipse\atari.cpp">
			<Filter>games\eclipse</Filter>
		</ClCompile>
		<ClCompile Include="..\..\engines\freescape\games\eclipse\atari.music.cpp">
			<Filter>games\eclipse</Filter>
		</ClCompile>
		<ClCompile Include="..\..\engines\freescape\games\eclipse\c64.cpp">
			<Filter>games\eclipse</Filter>
		</ClCompile>
		<ClCompile Include="..\..\engines\freescape\games\eclipse\cpc.cpp">
			<Filter>games\eclipse</Filter>
		</ClCompile>
		<ClCompile Include="..\..\engines\freescape\games\eclipse\dos.cpp">
			<Filter>games\eclipse</Filter>
		</ClCompile>
		<ClCompile Include="..\..\engines\freescape\games\eclipse\eclipse.cpp">
			<Filter>games\eclipse</Filter>
		</ClCompile>
		<ClCompile Include="..\..\engines\freescape\games\eclipse\zx.cpp">
			<Filter>games\eclipse</Filter>
		</ClCompile>
		<ClCompile Include="..\..\engines\freescape\games\palettes.cpp">
			<Filter>games</Filter>
		</ClCompile>
		<ClCompile Include="..\..\engines\freescape\language\8bitDetokeniser.cpp">
			<Filter>language</Filter>
		</ClCompile>
		<ClCompile Include="..\..\engines\freescape\language\instruction.cpp">
			<Filter>language</Filter>
		</ClCompile>
		<ClCompile Include="..\..\engines\freescape\loaders\8bitBinaryLoader.cpp">
			<Filter>loaders</Filter>
		</ClCompile>
		<ClCompile Include="..\..\engines\freescape\loaders\8bitImage.cpp">
			<Filter>loaders</Filter>
		</ClCompile>
		<ClCompile Include="..\..\engines\freescape\loaders\c64.cpp">
			<Filter>loaders</Filter>
		</ClCompile>
		<ClCompile Include="..\..\engines\freescape\objects\geometricobject.cpp">
			<Filter>objects</Filter>
		</ClCompile>
		<ClCompile Include="..\..\engines\freescape\objects\group.cpp">
			<Filter>objects</Filter>
		</ClCompile>
		<ClCompile Include="..\..\engines\freescape\objects\sensor.cpp">
			<Filter>objects</Filter>
		</ClCompile>
		<ClCompile Include="..\..\engines\freescape\sound\amiga.cpp">
			<Filter>sound</Filter>
		</ClCompile>
		<ClCompile Include="..\..\engines\freescape\sound\common.cpp">
			<Filter>sound</Filter>
		</ClCompile>
		<ClCompile Include="..\..\engines\freescape\sound\cpc.cpp">
			<Filter>sound</Filter>
		</ClCompile>
		<ClCompile Include="..\..\engines\freescape\sound\dos.cpp">
			<Filter>sound</Filter>
		</ClCompile>
		<ClCompile Include="..\..\engines\freescape\sound\zx.cpp">
			<Filter>sound</Filter>
		</ClCompile>
		<ClCompile Include="..\..\engines\freescape\area.cpp" />
		<ClCompile Include="..\..\engines\freescape\assets.cpp" />
		<ClCompile Include="..\..\engines\freescape\debugger.cpp" />
		<ClCompile Include="..\..\engines\freescape\demo.cpp" />
		<ClCompile Include="..\..\engines\freescape\doodle.cpp" />
		<ClCompile Include="..\..\engines\freescape\events.cpp" />
		<ClCompile Include="..\..\engines\freescape\font.cpp" />
		<ClCompile Include="..\..\engines\freescape\freescape.cpp" />
		<ClCompile Include="..\..\engines\freescape\gfx.cpp" />
		<ClCompile Include="..\..\engines\freescape\gfx_opengl.cpp" />
		<ClCompile Include="..\..\engines\freescape\gfx_opengl_shaders.cpp" />
		<ClCompile Include="..\..\engines\freescape\gfx_opengl_texture.cpp" />
		<ClCompile Include="..\..\engines\freescape\gfx_tinygl.cpp" />
		<ClCompile Include="..\..\engines\freescape\gfx_tinygl_texture.cpp" />
		<ClCompile Include="..\..\engines\freescape\metaengine.cpp" />
		<ClCompile Include="..\..\engines\freescape\movement.cpp" />
		<ClCompile Include="..\..\engines\freescape\sweepAABB.cpp" />
		<ClCompile Include="..\..\engines\freescape\ui.cpp" />
		<ClCompile Include="..\..\engines\freescape\unpack.cpp" />
		<ClCompile Include="..\..\engines\freescape\wb.cpp" />
	</ItemGroup>
	<ItemGroup>
		<ClInclude Include="..\..\engines\freescape\games\castle\castle.h">
			<Filter>games\castle</Filter>
		</ClInclude>
		<ClInclude Include="..\..\engines\freescape\games\dark\c64.music.h">
			<Filter>games\dark</Filter>
		</ClInclude>
		<ClInclude Include="..\..\engines\freescape\games\dark\c64.sfx.h">
			<Filter>games\dark</Filter>
		</ClInclude>
		<ClInclude Include="..\..\engines\freescape\games\dark\dark.h">
			<Filter>games\dark</Filter>
		</ClInclude>
		<ClInclude Include="..\..\engines\freescape\games\driller\c64.music.h">
			<Filter>games\driller</Filter>
		</ClInclude>
		<ClInclude Include="..\..\engines\freescape\games\driller\c64.sfx.h">
			<Filter>games\driller</Filter>
		</ClInclude>
		<ClInclude Include="..\..\engines\freescape\games\driller\driller.h">
			<Filter>games\driller</Filter>
		</ClInclude>
		<ClInclude Include="..\..\engines\freescape\games\eclipse\eclipse.h">
			<Filter>games\eclipse</Filter>
		</ClInclude>
		<ClInclude Include="..\..\engines\freescape\language\8bitDetokeniser.h">
			<Filter>language</Filter>
		</ClInclude>
		<ClInclude Include="..\..\engines\freescape\language\instruction.h">
			<Filter>language</Filter>
		</ClInclude>
		<ClInclude Include="..\..\engines\freescape\language\token.h">
			<Filter>language</Filter>
		</ClInclude>
		<ClInclude Include="..\..\engines\freescape\objects\connections.h">
			<Filter>objects</Filter>
		</ClInclude>
		<ClInclude Include="..\..\engines\freescape\objects\entrance.h">
			<Filter>objects</Filter>
		</ClInclude>
		<ClInclude Include="..\..\engines\freescape\objects\geometricobject.h">
			<Filter>objects</Filter>
		</ClInclude>
		<ClInclude Include="..\..\engines\freescape\objects\global.h">
			<Filter>objects</Filter>
		</ClInclude>
		<ClInclude Include="..\..\engines\freescape\objects\group.h">
			<Filter>objects</Filter>
		</ClInclude>
		<ClInclude Include="..\..\engines\freescape\objects\object.h">
			<Filter>objects</Filter>
		</ClInclude>
		<ClInclude Include="..\..\engines\freescape\objects\sensor.h">
			<Filter>objects</Filter>
		</ClInclude>
		<ClInclude Include="..\..\engines\freescape\area.h" />
		<ClInclude Include="..\..\engines\freescape\debugger.h" />
		<ClInclude Include="..\..\engines\freescape\detection.h" />
		<ClInclude Include="..\..\engines\freescape\doodle.h" />
		<ClInclude Include="..\..\engines\freescape\font.h" />
		<ClInclude Include="..\..\engines\freescape\freescape.h" />
		<ClInclude Include="..\..\engines\freescape\gfx.h" />
		<ClInclude Include="..\..\engines\freescape\gfx_opengl.h" />
		<ClInclude Include="..\..\engines\freescape\gfx_opengl_shaders.h" />
		<ClInclude Include="..\..\engines\freescape\gfx_opengl_texture.h" />
		<ClInclude Include="..\..\engines\freescape\gfx_tinygl.h" />
		<ClInclude Include="..\..\engines\freescape\gfx_tinygl_texture.h" />
		<ClInclude Include="..\..\engines\freescape\sound.h" />
		<ClInclude Include="..\..\engines\freescape\sweepAABB.h" />
		<ClInclude Include="..\..\engines\freescape\wb.h" />
	</ItemGroup>
	<ItemGroup>
		<None Include="..\..\engines\freescape\module.mk" />
	</ItemGroup>
</Project>